
Microsoft Visual Studio Solution File, Format Version 12.00
# Visual Studio Version 16
VisualStudioVersion = 16.0.32228.343
MinimumVisualStudioVersion = 10.0.40219.1
Project("{8BC9CEB8-8B4A-11D0-8D11-00A0C91BC942}") = "Test1", "Test1.vcxproj", "{F2FB8794-4E5E-4B42-B794-6ECFB1459D67}"
EndProject
Global
	GlobalSection(SolutionConfigurationPlatforms) = preSolution
		Debug|x64 = Debug|x64
		Debug|x86 = Debug|x86
		Release|x64 = Release|x64
		Release|x86 = Release|x86
	EndGlobalSection
	GlobalSection(ProjectConfigurationPlatforms) = postSolution
		{F2FB8794-4E5E-4B42-B794-6ECFB1459D67}.Debug|x64.ActiveCfg = Debug|x64
		{F2FB8794-4E5E-4B42-B794-6ECFB1459D67}.Debug|x64.Build.0 = Debug|x64
		{F2FB8794-4E5E-4B42-B794-6ECFB1459D67}.Debug|x86.ActiveCfg = Debug|Win32
		{F2FB8794-4E5E-4B42-B794-6ECFB1459D67}.Debug|x86.Build.0 = Debug|Win32
		{F2FB8794-4E5E-4B42-B794-6ECFB1459D67}.Release|x64.ActiveCfg = Release|x64
		{F2FB8794-4E5E-4B42-B794-6ECFB1459D67}.Release|x64.Build.0 = Release|x64
		{F2FB8794-4E5E-4B42-B794-6ECFB1459D67}.Release|x86.ActiveCfg = Release|Win32
		{F2FB8794-4E5E-4B42-B794-6ECFB1459D67}.Release|x86.Build.0 = Release|Win32
	EndGlobalSection
	GlobalSection(SolutionProperties) = preSolution
		HideSolutionNode = FALSE
	EndGlobalSection
	GlobalSection(ExtensibilityGlobals) = postSolution
		SolutionGuid = {4FCDB3DB-C50C-491A-B6D4-C1299DBF8B15}
	EndGlobalSection
EndGlobal
